dependencies:
- name: postgresql
  repository: https://charts.bitnami.com/bitnami
  version: 8.10.14
- name: prometheus-operator
  repository: https://kubernetes-charts.storage.googleapis.com
  version: 9.3.1
- name: nginx-ingress
  repository: https://kubernetes-charts.storage.googleapis.com
  version: 1.41.3
digest: sha256:22974394ebfafb10185e72edbfbe4d8a7acb9cce39b22cbe16f2d97e4abf15ca
generated: "2020-08-24T01:07:45.6744622+03:00"
